
Microsoft Visual Studio Solution File, Format Version 12.00
# Visual Studio Version 17
VisualStudioVersion = 17.14.36119.2
MinimumVisualStudioVersion = 10.0.40219.1
Project("{2150E333-8FDC-42A3-9474-1A3956D46DE8}") = "01. EndPoint", "01. EndPoint", "{02EA681E-C7D8-13C7-8484-4AC65E1B71E8}"
EndProject
Project("{2150E333-8FDC-42A3-9474-1A3956D46DE8}") = "02. Services", "02. Services", "{5E522EF2-C291-4B79-9273-D4C84B834723}"
EndProject
Project("{2150E333-8FDC-42A3-9474-1A3956D46DE8}") = "03. Models", "03. Models", "{50D049C0-61AB-4AC2-950C-A703065CA0AF}"
EndProject
Project("{2150E333-8FDC-42A3-9474-1A3956D46DE8}") = "02. Repository", "02. Repository", "{FEDA0913-4FC7-4ED7-A0EF-16F01B6511E7}"
EndProject
Project("{2150E333-8FDC-42A3-9474-1A3956D46DE8}") = "05. Shared", "05. Shared", "{7C2E6E2B-E98A-4430-9362-EDDE9F453BD5}"
EndProject
Project("{FAE04EC0-301F-11D3-BF4B-00C04F79EFBC}") = "AuthService.Domain", "src\AuthService.Domain\AuthService.Domain.csproj", "{A6F52E25-93B4-413F-BEA2-6C633449A275}"
EndProject
Project("{FAE04EC0-301F-11D3-BF4B-00C04F79EFBC}") = "AuthService.API", "src\AuthService.API\AuthService.API.csproj", "{9CF51704-91E5-4BA3-A799-D2FA486750C4}"
EndProject
Project("{FAE04EC0-301F-11D3-BF4B-00C04F79EFBC}") = "AuthService.Application", "src\AuthService.Application\AuthService.Application.csproj", "{049536A7-DCEC-447C-9B59-60B1158C7DB4}"
EndProject
Project("{FAE04EC0-301F-11D3-BF4B-00C04F79EFBC}") = "AuthService.Repository.Abstraction", "src\AuthService.Repository.Abstraction\AuthService.Repository.Abstraction.csproj", "{22B33861-5345-42AB-B7B7-74166E94AC11}"
EndProject
Project("{FAE04EC0-301F-11D3-BF4B-00C04F79EFBC}") = "AuthService.Repository.SQLite", "src\AuthService.Repository.SQLite\AuthService.Repository.SQLite.csproj", "{B49C2C8E-5857-4251-947B-089EBE87A0EF}"
EndProject
Project("{2150E333-8FDC-42A3-9474-1A3956D46DE8}") = "01. UnitOfWork", "01. UnitOfWork", "{D5B95392-9288-4E66-AE32-4B8DF080BD1C}"
EndProject
Project("{FAE04EC0-301F-11D3-BF4B-00C04F79EFBC}") = "AuthService.SharedKernel", "src\AuthService.SharedKernel\AuthService.SharedKernel.csproj", "{1163D876-E397-409C-AD8C-572532DF0C34}"
EndProject
Project("{FAE04EC0-301F-11D3-BF4B-00C04F79EFBC}") = "AuthService.UnitOfWork.SQLite", "src\AuthService.UnitOfWork.SQLite\AuthService.UnitOfWork.SQLite.csproj", "{0EC959CC-0AB5-4CBC-9727-5378E4746438}"
EndProject
Project("{FAE04EC0-301F-11D3-BF4B-00C04F79EFBC}") = "AuthService.Application.Models", "src\AuthService.Application.Models\AuthService.Application.Models.csproj", "{7F752DAA-1A36-4D3D-A622-B31CEFE2D184}"
EndProject
Project("{FAE04EC0-301F-11D3-BF4B-00C04F79EFBC}") = "AuthService.UnitOfWork.Abstraction", "src\AuthService.UnitOfWork.Abstraction\AuthService.UnitOfWork.Abstraction.csproj", "{6A66A6E9-F240-4383-A126-C89D2A68905C}"
EndProject
Project("{FAE04EC0-301F-11D3-BF4B-00C04F79EFBC}") = "AuthService.UnitOfWork.Repository", "src\AuthService.UnitOfWork.Repository\AuthService.UnitOfWork.Repository.csproj", "{3920B870-25A8-4461-8D05-BB23F09BECB6}"
EndProject
Project("{2150E333-8FDC-42A3-9474-1A3956D46DE8}") = "04. Persistence", "04. Persistence", "{EA2867C0-AD5C-4E5F-8CAA-D123415CA0E1}"
EndProject
Project("{2150E333-8FDC-42A3-9474-1A3956D46DE8}") = "06. Tests", "06. Tests", "{F81F1426-3B26-472F-B930-843409C2BFA4}"
EndProject
Project("{FAE04EC0-301F-11D3-BF4B-00C04F79EFBC}") = "AuthServices.Tests", "src\AuthServices.Tests\AuthServices.Tests.csproj", "{F5284661-D7FB-4F89-90F5-F16A78B7915B}"
EndProject
Global
	GlobalSection(SolutionConfigurationPlatforms) = preSolution
		Debug|Any CPU = Debug|Any CPU
		Release|Any CPU = Release|Any CPU
	EndGlobalSection
	GlobalSection(ProjectConfigurationPlatforms) = postSolution
		{A6F52E25-93B4-413F-BEA2-6C633449A275}.Debug|Any CPU.ActiveCfg = Debug|Any CPU
		{A6F52E25-93B4-413F-BEA2-6C633449A275}.Debug|Any CPU.Build.0 = Debug|Any CPU
		{A6F52E25-93B4-413F-BEA2-6C633449A275}.Release|Any CPU.ActiveCfg = Release|Any CPU
		{A6F52E25-93B4-413F-BEA2-6C633449A275}.Release|Any CPU.Build.0 = Release|Any CPU
		{9CF51704-91E5-4BA3-A799-D2FA486750C4}.Debug|Any CPU.ActiveCfg = Debug|Any CPU
		{9CF51704-91E5-4BA3-A799-D2FA486750C4}.Debug|Any CPU.Build.0 = Debug|Any CPU
		{9CF51704-91E5-4BA3-A799-D2FA486750C4}.Release|Any CPU.ActiveCfg = Release|Any CPU
		{9CF51704-91E5-4BA3-A799-D2FA486750C4}.Release|Any CPU.Build.0 = Release|Any CPU
		{049536A7-DCEC-447C-9B59-60B1158C7DB4}.Debug|Any CPU.ActiveCfg = Debug|Any CPU
		{049536A7-DCEC-447C-9B59-60B1158C7DB4}.Debug|Any CPU.Build.0 = Debug|Any CPU
		{049536A7-DCEC-447C-9B59-60B1158C7DB4}.Release|Any CPU.ActiveCfg = Release|Any CPU
		{049536A7-DCEC-447C-9B59-60B1158C7DB4}.Release|Any CPU.Build.0 = Release|Any CPU
		{22B33861-5345-42AB-B7B7-74166E94AC11}.Debug|Any CPU.ActiveCfg = Debug|Any CPU
		{22B33861-5345-42AB-B7B7-74166E94AC11}.Debug|Any CPU.Build.0 = Debug|Any CPU
		{22B33861-5345-42AB-B7B7-74166E94AC11}.Release|Any CPU.ActiveCfg = Release|Any CPU
		{22B33861-5345-42AB-B7B7-74166E94AC11}.Release|Any CPU.Build.0 = Release|Any CPU
		{B49C2C8E-5857-4251-947B-089EBE87A0EF}.Debug|Any CPU.ActiveCfg = Debug|Any CPU
		{B49C2C8E-5857-4251-947B-089EBE87A0EF}.Debug|Any CPU.Build.0 = Debug|Any CPU
		{B49C2C8E-5857-4251-947B-089EBE87A0EF}.Release|Any CPU.ActiveCfg = Release|Any CPU
		{B49C2C8E-5857-4251-947B-089EBE87A0EF}.Release|Any CPU.Build.0 = Release|Any CPU
		{1163D876-E397-409C-AD8C-572532DF0C34}.Debug|Any CPU.ActiveCfg = Debug|Any CPU
		{1163D876-E397-409C-AD8C-572532DF0C34}.Debug|Any CPU.Build.0 = Debug|Any CPU
		{1163D876-E397-409C-AD8C-572532DF0C34}.Release|Any CPU.ActiveCfg = Release|Any CPU
		{1163D876-E397-409C-AD8C-572532DF0C34}.Release|Any CPU.Build.0 = Release|Any CPU
		{0EC959CC-0AB5-4CBC-9727-5378E4746438}.Debug|Any CPU.ActiveCfg = Debug|Any CPU
		{0EC959CC-0AB5-4CBC-9727-5378E4746438}.Debug|Any CPU.Build.0 = Debug|Any CPU
		{0EC959CC-0AB5-4CBC-9727-5378E4746438}.Release|Any CPU.ActiveCfg = Release|Any CPU
		{0EC959CC-0AB5-4CBC-9727-5378E4746438}.Release|Any CPU.Build.0 = Release|Any CPU
		{7F752DAA-1A36-4D3D-A622-B31CEFE2D184}.Debug|Any CPU.ActiveCfg = Debug|Any CPU
		{7F752DAA-1A36-4D3D-A622-B31CEFE2D184}.Debug|Any CPU.Build.0 = Debug|Any CPU
		{7F752DAA-1A36-4D3D-A622-B31CEFE2D184}.Release|Any CPU.ActiveCfg = Release|Any CPU
		{7F752DAA-1A36-4D3D-A622-B31CEFE2D184}.Release|Any CPU.Build.0 = Release|Any CPU
		{6A66A6E9-F240-4383-A126-C89D2A68905C}.Debug|Any CPU.ActiveCfg = Debug|Any CPU
		{6A66A6E9-F240-4383-A126-C89D2A68905C}.Debug|Any CPU.Build.0 = Debug|Any CPU
		{6A66A6E9-F240-4383-A126-C89D2A68905C}.Release|Any CPU.ActiveCfg = Release|Any CPU
		{6A66A6E9-F240-4383-A126-C89D2A68905C}.Release|Any CPU.Build.0 = Release|Any CPU
		{3920B870-25A8-4461-8D05-BB23F09BECB6}.Debug|Any CPU.ActiveCfg = Debug|Any CPU
		{3920B870-25A8-4461-8D05-BB23F09BECB6}.Debug|Any CPU.Build.0 = Debug|Any CPU
		{3920B870-25A8-4461-8D05-BB23F09BECB6}.Release|Any CPU.ActiveCfg = Release|Any CPU
		{3920B870-25A8-4461-8D05-BB23F09BECB6}.Release|Any CPU.Build.0 = Release|Any CPU
		{F5284661-D7FB-4F89-90F5-F16A78B7915B}.Debug|Any CPU.ActiveCfg = Debug|Any CPU
		{F5284661-D7FB-4F89-90F5-F16A78B7915B}.Debug|Any CPU.Build.0 = Debug|Any CPU
		{F5284661-D7FB-4F89-90F5-F16A78B7915B}.Release|Any CPU.ActiveCfg = Release|Any CPU
		{F5284661-D7FB-4F89-90F5-F16A78B7915B}.Release|Any CPU.Build.0 = Release|Any CPU
	EndGlobalSection
	GlobalSection(SolutionProperties) = preSolution
		HideSolutionNode = FALSE
	EndGlobalSection
	GlobalSection(NestedProjects) = preSolution
		{FEDA0913-4FC7-4ED7-A0EF-16F01B6511E7} = {EA2867C0-AD5C-4E5F-8CAA-D123415CA0E1}
		{A6F52E25-93B4-413F-BEA2-6C633449A275} = {50D049C0-61AB-4AC2-950C-A703065CA0AF}
		{9CF51704-91E5-4BA3-A799-D2FA486750C4} = {02EA681E-C7D8-13C7-8484-4AC65E1B71E8}
		{049536A7-DCEC-447C-9B59-60B1158C7DB4} = {5E522EF2-C291-4B79-9273-D4C84B834723}
		{22B33861-5345-42AB-B7B7-74166E94AC11} = {FEDA0913-4FC7-4ED7-A0EF-16F01B6511E7}
		{B49C2C8E-5857-4251-947B-089EBE87A0EF} = {FEDA0913-4FC7-4ED7-A0EF-16F01B6511E7}
		{D5B95392-9288-4E66-AE32-4B8DF080BD1C} = {EA2867C0-AD5C-4E5F-8CAA-D123415CA0E1}
		{1163D876-E397-409C-AD8C-572532DF0C34} = {7C2E6E2B-E98A-4430-9362-EDDE9F453BD5}
		{0EC959CC-0AB5-4CBC-9727-5378E4746438} = {D5B95392-9288-4E66-AE32-4B8DF080BD1C}
		{7F752DAA-1A36-4D3D-A622-B31CEFE2D184} = {5E522EF2-C291-4B79-9273-D4C84B834723}
		{6A66A6E9-F240-4383-A126-C89D2A68905C} = {D5B95392-9288-4E66-AE32-4B8DF080BD1C}
		{3920B870-25A8-4461-8D05-BB23F09BECB6} = {D5B95392-9288-4E66-AE32-4B8DF080BD1C}
		{F5284661-D7FB-4F89-90F5-F16A78B7915B} = {F81F1426-3B26-472F-B930-843409C2BFA4}
	EndGlobalSection
	GlobalSection(ExtensibilityGlobals) = postSolution
		SolutionGuid = {436D5145-0770-417C-8678-0ECFD7C85F3D}
	EndGlobalSection
EndGlobal
